// !$*UTF8*$!
{
	archiveVersion = 1;
	classes = {
	};
	objectVersion = 50;
	objects = {

/* Begin PBXBuildFile section */
		C2BDCEA8F1F89E3711A839DE /* Pods_pixel_city.framework in Frameworks */ = {isa = PBXBuildFile; fileRef = 9BE6DA2543F570F1782FBDD9 /* Pods_pixel_city.framework */; };
		D34A5DB32153BD1700646B22 /* DroppablePin.swift in Sources */ = {isa = PBXBuildFile; fileRef = D34A5DB22153BD1700646B22 /* DroppablePin.swift */; };
		D34A5DB52153D76700646B22 /* PhotoCell.swift in Sources */ = {isa = PBXBuildFile; fileRef = D34A5DB42153D76700646B22 /* PhotoCell.swift */; };
		D34A5DB72154182200646B22 /* Constants.swift in Sources */ = {isa = PBXBuildFile; fileRef = D34A5DB62154182200646B22 /* Constants.swift */; };
		D34A5DB921542A5900646B22 /* PopVC.swift in Sources */ = {isa = PBXBuildFile; fileRef = D34A5DB821542A5900646B22 /* PopVC.swift */; };
		D39EB65A21538CBA0062EC49 /* AppDelegate.swift in Sources */ = {isa = PBXBuildFile; fileRef = D39EB65921538CBA0062EC49 /* AppDelegate.swift */; };
		D39EB65C21538CBA0062EC49 /* MapVC.swift in Sources */ = {isa = PBXBuildFile; fileRef = D39EB65B21538CBA0062EC49 /* MapVC.swift */; };
		D39EB65F21538CBA0062EC49 /* Main.storyboard in Resources */ = {isa = PBXBuildFile; fileRef = D39EB65D21538CBA0062EC49 /* Main.storyboard */; };
		D39EB66121538CBA0062EC49 /* Assets.xcassets in Resources */ = {isa = PBXBuildFile; fileRef = D39EB66021538CBA0062EC49 /* Assets.xcassets */; };
		D39EB66421538CBA0062EC49 /* LaunchScreen.storyboard in Resources */ = {isa = PBXBuildFile; fileRef = D39EB66221538CBA0062EC49 /* LaunchScreen.storyboard */; };
/* End PBXBuildFile section */

/* Begin PBXFileReference section */
		32B5DC580D4B237C475E3FAC /* Pods-pixel-city.release.xcconfig */ = {isa = PBXFileReference; includeInIndex = 1; lastKnownFileType = text.xcconfig; name = "Pods-pixel-city.release.xcconfig"; path = "Pods/Target Support Files/Pods-pixel-city/Pods-pixel-city.release.xcconfig"; sourceTree = "<group>"; };
		4D72C2AEBB85392838BE039D /* Pods-pixel-city.debug.xcconfig */ = {isa = PBXFileReference; includeInIndex = 1; lastKnownFileType = text.xcconfig; name = "Pods-pixel-city.debug.xcconfig"; path = "Pods/Target Support Files/Pods-pixel-city/Pods-pixel-city.debug.xcconfig"; sourceTree = "<group>"; };
		9BE6DA2543F570F1782FBDD9 /* Pods_pixel_city.framework */ = {isa = PBXFileReference; explicitFileType = wrapper.framework; includeInIndex = 0; path = Pods_pixel_city.framework; sourceTree = BUILT_PRODUCTS_DIR; };
		D34A5DB22153BD1700646B22 /* DroppablePin.swift */ = {isa = PBXFileReference; lastKnownFileType = sourcecode.swift; path = DroppablePin.swift; sourceTree = "<group>"; };
		D34A5DB42153D76700646B22 /* PhotoCell.swift */ = {isa = PBXFileReference; lastKnownFileType = sourcecode.swift; path = PhotoCell.swift; sourceTree = "<group>"; };
		D34A5DB62154182200646B22 /* Constants.swift */ = {isa = PBXFileReference; lastKnownFileType = sourcecode.swift; path = Constants.swift; sourceTree = "<group>"; };
		D34A5DB821542A5900646B22 /* PopVC.swift */ = {isa = PBXFileReference; lastKnownFileType = sourcecode.swift; path = PopVC.swift; sourceTree = "<group>"; };
		D39EB65621538CBA0062EC49 /* pixel-city.app */ = {isa = PBXFileReference; explicitFileType = wrapper.application; includeInIndex = 0; path = "pixel-city.app"; sourceTree = BUILT_PRODUCTS_DIR; };
		D39EB65921538CBA0062EC49 /* AppDelegate.swift */ = {isa = PBXFileReference; lastKnownFileType = sourcecode.swift; path = AppDelegate.swift; sourceTree = "<group>"; };
		D39EB65B21538CBA0062EC49 /* MapVC.swift */ = {isa = PBXFileReference; lastKnownFileType = sourcecode.swift; path = MapVC.swift; sourceTree = "<group>"; };
		D39EB65E21538CBA0062EC49 /* Base */ = {isa = PBXFileReference; lastKnownFileType = file.storyboard; name = Base; path = Base.lproj/Main.storyboard; sourceTree = "<group>"; };
		D39EB66021538CBA0062EC49 /* Assets.xcassets */ = {isa = PBXFileReference; lastKnownFileType = folder.assetcatalog; path = Assets.xcassets; sourceTree = "<group>"; };
		D39EB66321538CBA0062EC49 /* Base */ = {isa = PBXFileReference; lastKnownFileType = file.storyboard; name = Base; path = Base.lproj/LaunchScreen.storyboard; sourceTree = "<group>"; };
		D39EB66521538CBA0062EC49 /* Info.plist */ = {isa = PBXFileReference; lastKnownFileType = text.plist.xml; path = Info.plist; sourceTree = "<group>"; };
/* End PBXFileReference section */

/* Begin PBXFrameworksBuildPhase section */
		D39EB65321538CB90062EC49 /* Frameworks */ = {
			isa = PBXFrameworksBuildPhase;
			buildActionMask = 2147483647;
			files = (
				C2BDCEA8F1F89E3711A839DE /* Pods_pixel_city.framework in Frameworks */,
			);
			runOnlyForDeploymentPostprocessing = 0;
		};
/* End PBXFrameworksBuildPhase section */

/* Begin PBXGroup section */
		8DE1F008161B600E659332B3 /* Pods */ = {
			isa = PBXGroup;
			children = (
				4D72C2AEBB85392838BE039D /* Pods-pixel-city.debug.xcconfig */,
				32B5DC580D4B237C475E3FAC /* Pods-pixel-city.release.xcconfig */,
			);
			name = Pods;
			sourceTree = "<group>";
		};
		9C134CBC6DD69292BC0C7169 /* Frameworks */ = {
			isa = PBXGroup;
			children = (
				9BE6DA2543F570F1782FBDD9 /* Pods_pixel_city.framework */,
			);
			name = Frameworks;
			sourceTree = "<group>";
		};
		D39EB64D21538CB90062EC49 = {
			isa = PBXGroup;
			children = (
				D39EB65821538CBA0062EC49 /* pixel-city */,
				D39EB65721538CBA0062EC49 /* Products */,
				8DE1F008161B600E659332B3 /* Pods */,
				9C134CBC6DD69292BC0C7169 /* Frameworks */,
			);
			sourceTree = "<group>";
		};
		D39EB65721538CBA0062EC49 /* Products */ = {
			isa = PBXGroup;
			children = (
				D39EB65621538CBA0062EC49 /* pixel-city.app */,
			);
			name = Products;
			sourceTree = "<group>";
		};
		D39EB65821538CBA0062EC49 /* pixel-city */ = {
			isa = PBXGroup;
			children = (
				D39EB66E21538D6D0062EC49 /* Utilities */,
				D39EB66D21538D5E0062EC49 /* Extentions */,
				D39EB66C21538D570062EC49 /* View */,
				D39EB66B21538D480062EC49 /* Controller */,
				D39EB65921538CBA0062EC49 /* AppDelegate.swift */,
				D39EB65D21538CBA0062EC49 /* Main.storyboard */,
				D39EB66021538CBA0062EC49 /* Assets.xcassets */,
				D39EB66221538CBA0062EC49 /* LaunchScreen.storyboard */,
				D39EB66521538CBA0062EC49 /* Info.plist */,
			);
			path = "pixel-city";
			sourceTree = "<group>";
		};
		D39EB66B21538D480062EC49 /* Controller */ = {
			isa = PBXGroup;
			children = (
				D39EB65B21538CBA0062EC49 /* MapVC.swift */,
				D34A5DB821542A5900646B22 /* PopVC.swift */,
			);
			path = Controller;
			sourceTree = "<group>";
		};
		D39EB66C21538D570062EC49 /* View */ = {
			isa = PBXGroup;
			children = (
				D34A5DB22153BD1700646B22 /* DroppablePin.swift */,
				D34A5DB42153D76700646B22 /* PhotoCell.swift */,
			);
			path = View;
			sourceTree = "<group>";
		};
		D39EB66D21538D5E0062EC49 /* Extentions */ = {
			isa = PBXGroup;
			children = (
			);
			path = Extentions;
			sourceTree = "<group>";
		};
		D39EB66E21538D6D0062EC49 /* Utilities */ = {
			isa = PBXGroup;
			children = (
				D34A5DB62154182200646B22 /* Constants.swift */,
			);
			path = Utilities;
			sourceTree = "<group>";
		};
/* End PBXGroup section */

/* Begin PBXNativeTarget section */
		D39EB65521538CB90062EC49 /* pixel-city */ = {
			isa = PBXNativeTarget;
			buildConfigurationList = D39EB66821538CBA0062EC49 /* Build configuration list for PBXNativeTarget "pixel-city" */;
			buildPhases = (
				F079E617EA3AF2C16558556F /* [CP] Check Pods Manifest.lock */,
				D39EB65221538CB90062EC49 /* Sources */,
				D39EB65321538CB90062EC49 /* Frameworks */,
				D39EB65421538CB90062EC49 /* Resources */,
				405CC90B1D16DF085F530E41 /* [CP] Embed Pods Frameworks */,
			);
			buildRules = (
			);
			dependencies = (
			);
			name = "pixel-city";
			productName = "pixel-city";
			productReference = D39EB65621538CBA0062EC49 /* pixel-city.app */;
			productType = "com.apple.product-type.application";
		};
/* End PBXNativeTarget section */

/* Begin PBXProject section */
		D39EB64E21538CB90062EC49 /* Project object */ = {
			isa = PBXProject;
			attributes = {
				LastSwiftUpdateCheck = 0940;
				LastUpgradeCheck = 0940;
				ORGANIZATIONNAME = "Matan Huja";
				TargetAttributes = {
					D39EB65521538CB90062EC49 = {
						CreatedOnToolsVersion = 9.4.1;
					};
				};
			};
			buildConfigurationList = D39EB65121538CB90062EC49 /* Build configuration list for PBXProject "pixel-city" */;
			compatibilityVersion = "Xcode 9.3";
			developmentRegion = en;
			hasScannedForEncodings = 0;
			knownRegions = (
				en,
				Base,
			);
			mainGroup = D39EB64D21538CB90062EC49;
			productRefGroup = D39EB65721538CBA0062EC49 /* Products */;
			projectDirPath = "";
			projectRoot = "";
			targets = (
				D39EB65521538CB90062EC49 /* pixel-city */,
			);
		};
/* End PBXProject section */

/* Begin PBXResourcesBuildPhase section */
		D39EB65421538CB90062EC49 /* Resources */ = {
			isa = PBXResourcesBuildPhase;
			buildActionMask = 2147483647;
			files = (
				D39EB66421538CBA0062EC49 /* LaunchScreen.storyboard in Resources */,
				D39EB66121538CBA0062EC49 /* Assets.xcassets in Resources */,
				D39EB65F21538CBA0062EC49 /* Main.storyboard in Resources */,
			);
			runOnlyForDeploymentPostprocessing = 0;
		};
/* End PBXResourcesBuildPhase section */

/* Begin PBXShellScriptBuildPhase section */
		405CC90B1D16DF085F530E41 /* [CP] Embed Pods Frameworks */ = {
			isa = PBXShellScriptBuildPhase;
			buildActionMask = 2147483647;
			files = (
			);
			inputPaths = (
				"${SRCROOT}/Pods/Target Support Files/Pods-pixel-city/Pods-pixel-city-frameworks.sh",
				"${BUILT_PRODUCTS_DIR}/Alamofire/Alamofire.framework",
				"${BUILT_PRODUCTS_DIR}/AlamofireImage/AlamofireImage.framework",
			);
			name = "[CP] Embed Pods Frameworks";
			outputPaths = (
				"${TARGET_BUILD_DIR}/${FRAMEWORKS_FOLDER_PATH}/Alamofire.framework",
				"${TARGET_BUILD_DIR}/${FRAMEWORKS_FOLDER_PATH}/AlamofireImage.framework",
			);
			runOnlyForDeploymentPostprocessing = 0;
			shellPath = /bin/sh;
			shellScript = "\"${SRCROOT}/Pods/Target Support Files/Pods-pixel-city/Pods-pixel-city-frameworks.sh\"\n";
			showEnvVarsInLog = 0;
		};
		F079E617EA3AF2C16558556F /* [CP] Check Pods Manifest.lock */ = {
			isa = PBXShellScriptBuildPhase;
			buildActionMask = 2147483647;
			files = (
			);
			inputPaths = (
				"${PODS_PODFILE_DIR_PATH}/Podfile.lock",
				"${PODS_ROOT}/Manifest.lock",
			);
			name = "[CP] Check Pods Manifest.lock";
			outputPaths = (
				"$(DERIVED_FILE_DIR)/Pods-pixel-city-checkManifestLockResult.txt",
			);
			runOnlyForDeploymentPostprocessing = 0;
			shellPath = /bin/sh;
			shellScript = "diff \"${PODS_PODFILE_DIR_PATH}/Podfile.lock\" \"${PODS_ROOT}/Manifest.lock\" > /dev/null\nif [ $? != 0 ] ; then\n    # print error to STDERR\n    echo \"error: The sandbox is not in sync with the Podfile.lock. Run 'pod install' or update your CocoaPods installation.\" >&2\n    exit 1\nfi\n# This output is used by Xcode 'outputs' to avoid re-running this script phase.\necho \"SUCCESS\" > \"${SCRIPT_OUTPUT_FILE_0}\"\n";
			showEnvVarsInLog = 0;
		};
/* End PBXShellScriptBuildPhase section */

/* Begin PBXSourcesBuildPhase section */
		D39EB65221538CB90062EC49 /* Sources */ = {
			isa = PBXSourcesBuildPhase;
			buildActionMask = 2147483647;
			files = (
				D34A5DB921542A5900646B22 /* PopVC.swift in Sources */,
				D34A5DB72154182200646B22 /* Constants.swift in Sources */,
				D34A5DB52153D76700646B22 /* PhotoCell.swift in Sources */,
				D39EB65C21538CBA0062EC49 /* MapVC.swift in Sources */,
				D34A5DB32153BD1700646B22 /* DroppablePin.swift in Sources */,
				D39EB65A21538CBA0062EC49 /* AppDelegate.swift in Sources */,
			);
			runOnlyForDeploymentPostprocessing = 0;
		};
/* End PBXSourcesBuildPhase section */

/* Begin PBXVariantGroup section */
		D39EB65D21538CBA0062EC49 /* Main.storyboard */ = {
			isa = PBXVariantGroup;
			children = (
				D39EB65E21538CBA0062EC49 /* Base */,
			);
			name = Main.storyboard;
			sourceTree = "<group>";
		};
		D39EB66221538CBA0062EC49 /* LaunchScreen.storyboard */ = {
			isa = PBXVariantGroup;
			children = (
				D39EB66321538CBA0062EC49 /* Base */,
			);
			name = LaunchScreen.storyboard;
			sourceTree = "<group>";
		};
/* End PBXVariantGroup section */

/* Begin XCBuildConfiguration section */
		D39EB66621538CBA0062EC49 /* Debug */ = {
			isa = XCBuildConfiguration;
			buildSettings = {
				ALWAYS_SEARCH_USER_PATHS = NO;
				CLANG_ANALYZER_NONNULL = YES;
				CLANG_ANALYZER_NUMBER_OBJECT_CONVERSION = YES_AGGRESSIVE;
				CLANG_CXX_LANGUAGE_STANDARD = "gnu++14";
				CLANG_CXX_LIBRARY = "libc++";
				CLANG_ENABLE_MODULES = YES;
				CLANG_ENABLE_OBJC_ARC = YES;
				CLANG_ENABLE_OBJC_WEAK = YES;
				CLANG_WARN_BLOCK_CAPTURE_AUTORELEASING = YES;
				CLANG_WARN_BOOL_CONVERSION = YES;
				CLANG_WARN_COMMA = YES;
				CLANG_WARN_CONSTANT_CONVERSION = YES;
				CLANG_WARN_DEPRECATED_OBJC_IMPLEMENTATIONS = YES;
				CLANG_WARN_DIRECT_OBJC_ISA_USAGE = YES_ERROR;
				CLANG_WARN_DOCUMENTATION_COMMENTS = YES;
				CLANG_WARN_EMPTY_BODY = YES;
				CLANG_WARN_ENUM_CONVERSION = YES;
				CLANG_WARN_INFINITE_RECURSION = YES;
				CLANG_WARN_INT_CONVERSION = YES;
				CLANG_WARN_NON_LITERAL_NULL_CONVERSION = YES;
				CLANG_WARN_OBJC_IMPLICIT_RETAIN_SELF = YES;
				CLANG_WARN_OBJC_LITERAL_CONVERSION = YES;
				CLANG_WARN_OBJC_ROOT_CLASS = YES_ERROR;
				CLANG_WARN_RANGE_LOOP_ANALYSIS = YES;
				CLANG_WARN_STRICT_PROTOTYPES = YES;
				CLANG_WARN_SUSPICIOUS_MOVE = YES;
				CLANG_WARN_UNGUARDED_AVAILABILITY = YES_AGGRESSIVE;
				CLANG_WARN_UNREACHABLE_CODE = YES;
				CLANG_WARN__DUPLICATE_METHOD_MATCH = YES;
				CODE_SIGN_IDENTITY = "iPhone Developer";
				COPY_PHASE_STRIP = NO;
				DEBUG_INFORMATION_FORMAT = dwarf;
				ENABLE_STRICT_OBJC_MSGSEND = YES;
				ENABLE_TESTABILITY = YES;
				GCC_C_LANGUAGE_STANDARD = gnu11;
				GCC_DYNAMIC_NO_PIC = NO;
				GCC_NO_COMMON_BLOCKS = YES;
				GCC_OPTIMIZATION_LEVEL = 0;
				GCC_PREPROCESSOR_DEFINITIONS = (
					"DEBUG=1",
					"$(inherited)",
				);
				GCC_WARN_64_TO_32_BIT_CONVERSION = YES;
				GCC_WARN_ABOUT_RETURN_TYPE = YES_ERROR;
				GCC_WARN_UNDECLARED_SELECTOR = YES;
				GCC_WARN_UNINITIALIZED_AUTOS = YES_AGGRESSIVE;
				GCC_WARN_UNUSED_FUNCTION = YES;
				GCC_WARN_UNUSED_VARIABLE = YES;
				IPHONEOS_DEPLOYMENT_TARGET = 11.4;
				MTL_ENABLE_DEBUG_INFO = YES;
				ONLY_ACTIVE_ARCH = YES;
				SDKROOT = iphoneos;
				SWIFT_ACTIVE_COMPILATION_CONDITIONS = DEBUG;
				SWIFT_OPTIMIZATION_LEVEL = "-Onone";
			};
			name = Debug;
		};
		D39EB66721538CBA0062EC49 /* Release */ = {
			isa = XCBuildConfiguration;
			buildSettings = {
				ALWAYS_SEARCH_USER_PATHS = NO;
				CLANG_ANALYZER_NONNULL = YES;
				CLANG_ANALYZER_NUMBER_OBJECT_CONVERSION = YES_AGGRESSIVE;
				CLANG_CXX_LANGUAGE_STANDARD = "gnu++14";
				CLANG_CXX_LIBRARY = "libc++";
				CLANG_ENABLE_MODULES = YES;
				CLANG_ENABLE_OBJC_ARC = YES;
				CLANG_ENABLE_OBJC_WEAK = YES;
				CLANG_WARN_BLOCK_CAPTURE_AUTORELEASING = YES;
				CLANG_WARN_BOOL_CONVERSION = YES;
				CLANG_WARN_COMMA = YES;
				CLANG_WARN_CONSTANT_CONVERSION = YES;
				CLANG_WARN_DEPRECATED_OBJC_IMPLEMENTATIONS = YES;
				CLANG_WARN_DIRECT_OBJC_ISA_USAGE = YES_ERROR;
				CLANG_WARN_DOCUMENTATION_COMMENTS = YES;
				CLANG_WARN_EMPTY_BODY = YES;
				CLANG_WARN_ENUM_CONVERSION = YES;
				CLANG_WARN_INFINITE_RECURSION = YES;
				CLANG_WARN_INT_CONVERSION = YES;
				CLANG_WARN_NON_LITERAL_NULL_CONVERSION = YES;
				CLANG_WARN_OBJC_IMPLICIT_RETAIN_SELF = YES;
				CLANG_WARN_OBJC_LITERAL_CONVERSION = YES;
				CLANG_WARN_OBJC_ROOT_CLASS = YES_ERROR;
				CLANG_WARN_RANGE_LOOP_ANALYSIS = YES;
				CLANG_WARN_STRICT_PROTOTYPES = YES;
				CLANG_WARN_SUSPICIOUS_MOVE = YES;
				CLANG_WARN_UNGUARDED_AVAILABILITY = YES_AGGRESSIVE;
				CLANG_WARN_UNREACHABLE_CODE = YES;
				CLANG_WARN__DUPLICATE_METHOD_MATCH = YES;
				CODE_SIGN_IDENTITY = "iPhone Developer";
				COPY_PHASE_STRIP = NO;
				DEBUG_INFORMATION_FORMAT = "dwarf-with-dsym";
				ENABLE_NS_ASSERTIONS = NO;
				ENABLE_STRICT_OBJC_MSGSEND = YES;
				GCC_C_LANGUAGE_STANDARD = gnu11;
				GCC_NO_COMMON_BLOCKS = YES;
				GCC_WARN_64_TO_32_BIT_CONVERSION = YES;
				GCC_WARN_ABOUT_RETURN_TYPE = YES_ERROR;
				GCC_WARN_UNDECLARED_SELECTOR = YES;
				GCC_WARN_UNINITIALIZED_AUTOS = YES_AGGRESSIVE;
				GCC_WARN_UNUSED_FUNCTION = YES;
				GCC_WARN_UNUSED_VARIABLE = YES;
				IPHONEOS_DEPLOYMENT_TARGET = 11.4;
				MTL_ENABLE_DEBUG_INFO = NO;
				SDKROOT = iphoneos;
				SWIFT_COMPILATION_MODE = wholemodule;
				SWIFT_OPTIMIZATION_LEVEL = "-O";
				VALIDATE_PRODUCT = YES;
			};
			name = Release;
		};
		D39EB66921538CBA0062EC49 /* Debug */ = {
			isa = XCBuildConfiguration;
			baseConfigurationReference = 4D72C2AEBB85392838BE039D /* Pods-pixel-city.debug.xcconfig */;
			buildSettings = {
				ASSETCATALOG_COMPILER_APPICON_NAME = AppIcon;
				CODE_SIGN_STYLE = Automatic;
				DEVELOPMENT_TEAM = UFFJM4YSCU;
				INFOPLIST_FILE = "pixel-city/Info.plist";
				LD_RUNPATH_SEARCH_PATHS = (
					"$(inherited)",
					"@executable_path/Frameworks",
				);
				PRODUCT_BUNDLE_IDENTIFIER = "com.MatanHuja.pixel-city";
				PRODUCT_NAME = "$(TARGET_NAME)";
				SWIFT_VERSION = 4.0;
				TARGETED_DEVICE_FAMILY = "1,2";
			};
			name = Debug;
		};
		D39EB66A21538CBA0062EC49 /* Release */ = {
			isa = XCBuildConfiguration;
			baseConfigurationReference = 32B5DC580D4B237C475E3FAC /* Pods-pixel-city.release.xcconfig */;
			buildSettings = {
				ASSETCATALOG_COMPILER_APPICON_NAME = AppIcon;
				CODE_SIGN_STYLE = Automatic;
				DEVELOPMENT_TEAM = UFFJM4YSCU;
				INFOPLIST_FILE = "pixel-city/Info.plist";
				LD_RUNPATH_SEARCH_PATHS = (
					"$(inherited)",
					"@executable_path/Frameworks",
				);
				PRODUCT_BUNDLE_IDENTIFIER = "com.MatanHuja.pixel-city";
				PRODUCT_NAME = "$(TARGET_NAME)";
				SWIFT_VERSION = 4.0;
				TARGETED_DEVICE_FAMILY = "1,2";
			};
			name = Release;
		};
/* End XCBuildConfiguration section */

/* Begin XCConfigurationList section */
		D39EB65121538CB90062EC49 /* Build configuration list for PBXProject "pixel-city" */ = {
			isa = XCConfigurationList;
			buildConfigurations = (
				D39EB66621538CBA0062EC49 /* Debug */,
				D39EB66721538CBA0062EC49 /* Release */,
			);
			defaultConfigurationIsVisible = 0;
			defaultConfigurationName = Release;
		};
		D39EB66821538CBA0062EC49 /* Build configuration list for PBXNativeTarget "pixel-city" */ = {
			isa = XCConfigurationList;
			buildConfigurations = (
				D39EB66921538CBA0062EC49 /* Debug */,
				D39EB66A21538CBA0062EC49 /* Release */,
			);
			defaultConfigurationIsVisible = 0;
			defaultConfigurationName = Release;
		};
/* End XCConfigurationList section */
	};
	rootObject = D39EB64E21538CB90062EC49 /* Project object */;
}
